
Microsoft Visual Studio Solution File, Format Version 12.00
# Visual Studio Version 17
VisualStudioVersion = 17.5.002.0
MinimumVisualStudioVersion = 10.0.40219.1
Project("{9A19103F-16F7-4668-BE54-9A1E7A4F7556}") = "API", "API\API.csproj", "{43D5114E-AF8C-49F7-A096-94A91B3EF626}"
EndProject
Project("{9A19103F-16F7-4668-BE54-9A1E7A4F7556}") = "Application", "Application\Application.csproj", "{70F1747F-FEA4-4694-8E55-443A0A8797D9}"
EndProject
Project("{9A19103F-16F7-4668-BE54-9A1E7A4F7556}") = "Domain", "Domain\Domain.csproj", "{BB646F67-6883-4AF3-9A41-327439B655F8}"
EndProject
Project("{9A19103F-16F7-4668-BE54-9A1E7A4F7556}") = "Persistence", "Persistence\Persistence.csproj", "{AC8BAAC8-DFD1-4DBA-8C28-658FD8618110}"
EndProject
Global
	GlobalSection(SolutionConfigurationPlatforms) = preSolution
		Debug|Any CPU = Debug|Any CPU
		Release|Any CPU = Release|Any CPU
	EndGlobalSection
	GlobalSection(ProjectConfigurationPlatforms) = postSolution
		{43D5114E-AF8C-49F7-A096-94A91B3EF626}.Debug|Any CPU.ActiveCfg = Debug|Any CPU
		{43D5114E-AF8C-49F7-A096-94A91B3EF626}.Debug|Any CPU.Build.0 = Debug|Any CPU
		{43D5114E-AF8C-49F7-A096-94A91B3EF626}.Release|Any CPU.ActiveCfg = Release|Any CPU
		{43D5114E-AF8C-49F7-A096-94A91B3EF626}.Release|Any CPU.Build.0 = Release|Any CPU
		{70F1747F-FEA4-4694-8E55-443A0A8797D9}.Debug|Any CPU.ActiveCfg = Debug|Any CPU
		{70F1747F-FEA4-4694-8E55-443A0A8797D9}.Debug|Any CPU.Build.0 = Debug|Any CPU
		{70F1747F-FEA4-4694-8E55-443A0A8797D9}.Release|Any CPU.ActiveCfg = Release|Any CPU
		{70F1747F-FEA4-4694-8E55-443A0A8797D9}.Release|Any CPU.Build.0 = Release|Any CPU
		{BB646F67-6883-4AF3-9A41-327439B655F8}.Debug|Any CPU.ActiveCfg = Debug|Any CPU
		{BB646F67-6883-4AF3-9A41-327439B655F8}.Debug|Any CPU.Build.0 = Debug|Any CPU
		{BB646F67-6883-4AF3-9A41-327439B655F8}.Release|Any CPU.ActiveCfg = Release|Any CPU
		{BB646F67-6883-4AF3-9A41-327439B655F8}.Release|Any CPU.Build.0 = Release|Any CPU
		{AC8BAAC8-DFD1-4DBA-8C28-658FD8618110}.Debug|Any CPU.ActiveCfg = Debug|Any CPU
		{AC8BAAC8-DFD1-4DBA-8C28-658FD8618110}.Debug|Any CPU.Build.0 = Debug|Any CPU
		{AC8BAAC8-DFD1-4DBA-8C28-658FD8618110}.Release|Any CPU.ActiveCfg = Release|Any CPU
		{AC8BAAC8-DFD1-4DBA-8C28-658FD8618110}.Release|Any CPU.Build.0 = Release|Any CPU
	EndGlobalSection
	GlobalSection(SolutionProperties) = preSolution
		HideSolutionNode = FALSE
	EndGlobalSection
	GlobalSection(ExtensibilityGlobals) = postSolution
		SolutionGuid = {645FBC7C-2413-47A7-9A5F-5FFC481733B8}
	EndGlobalSection
EndGlobal
